
Microsoft Visual Studio Solution File, Format Version 12.00
# Visual Studio 14
VisualStudioVersion = 14.0.25420.1
MinimumVisualStudioVersion = 10.0.40219.1
Project("{2150E333-8FDC-42A3-9474-1A3956D46DE8}") = "src", "src", "{E196C85B-B9BD-4CDF-864E-916755B9BEBB}"
EndProject
Project("{2150E333-8FDC-42A3-9474-1A3956D46DE8}") = "Solution Items", "Solution Items", "{84BEAE95-143A-4C75-841B-2013C5D3B817}"
	ProjectSection(SolutionItems) = preProject
		global.json = global.json
		Project Issues.txt = Project Issues.txt
	EndProjectSection
EndProject
Project("{8BB2217D-0F2D-49D1-97BC-3654ED321F3B}") = "Ejemplo.Api", "src\Ejemplo.Api\Ejemplo.Api.xproj", "{83F2E3A2-435C-41FA-9C16-EF60587E3BF9}"
EndProject
Project("{8BB2217D-0F2D-49D1-97BC-3654ED321F3B}") = "Ejemplo,Application", "src\Ejemplo,Application\Ejemplo,Application.xproj", "{C355EBBF-DB84-45AA-8F77-655A6659D29B}"
EndProject
Project("{8BB2217D-0F2D-49D1-97BC-3654ED321F3B}") = "Ejemplo.Repository", "src\Ejemplo.Repository\Ejemplo.Repository.xproj", "{EC38E55C-6C3D-429B-83E2-150A98576A8F}"
EndProject
Project("{8BB2217D-0F2D-49D1-97BC-3654ED321F3B}") = "Ejemplo.Entities", "src\Ejemplo.Entities\Ejemplo.Entities.xproj", "{92F2DACC-0DCC-401A-9966-5FA326594674}"
EndProject
Project("{8BB2217D-0F2D-49D1-97BC-3654ED321F3B}") = "Ejemplo.MongoProvider", "src\Ejemplo.MongoProvider\Ejemplo.MongoProvider.xproj", "{592F7D95-F5A9-4631-81C8-6B469B30714B}"
EndProject
Project("{8BB2217D-0F2D-49D1-97BC-3654ED321F3B}") = "Ejemplo.Booter", "src\Ejemplo.Booter\Ejemplo.Booter.xproj", "{75A17760-8C7A-4380-A18B-F0C18C160F8B}"
EndProject
Project("{8BB2217D-0F2D-49D1-97BC-3654ED321F3B}") = "Ejemplo.DTO", "src\Ejemplo.DTO\Ejemplo.DTO.xproj", "{229C8159-B5A1-424C-9999-B266F74AE813}"
EndProject
Project("{8BB2217D-0F2D-49D1-97BC-3654ED321F3B}") = "Ejemplo.Security", "src\Ejemplo.Security\Ejemplo.Security.xproj", "{5E4F70FF-D085-4C5F-9D60-565935073DC5}"
EndProject
Project("{8BB2217D-0F2D-49D1-97BC-3654ED321F3B}") = "Ejemplo.Exceptions", "src\Ejemplo.Exceptions\Ejemplo.Exceptions.xproj", "{959215B8-4D86-46B3-992B-9E53C920E162}"
EndProject
Global
	GlobalSection(SolutionConfigurationPlatforms) = preSolution
		Debug|Any CPU = Debug|Any CPU
		Release|Any CPU = Release|Any CPU
	EndGlobalSection
	GlobalSection(ProjectConfigurationPlatforms) = postSolution
		{83F2E3A2-435C-41FA-9C16-EF60587E3BF9}.Debug|Any CPU.ActiveCfg = Debug|Any CPU
		{83F2E3A2-435C-41FA-9C16-EF60587E3BF9}.Debug|Any CPU.Build.0 = Debug|Any CPU
		{83F2E3A2-435C-41FA-9C16-EF60587E3BF9}.Release|Any CPU.ActiveCfg = Release|Any CPU
		{83F2E3A2-435C-41FA-9C16-EF60587E3BF9}.Release|Any CPU.Build.0 = Release|Any CPU
		{C355EBBF-DB84-45AA-8F77-655A6659D29B}.Debug|Any CPU.ActiveCfg = Debug|Any CPU
		{C355EBBF-DB84-45AA-8F77-655A6659D29B}.Debug|Any CPU.Build.0 = Debug|Any CPU
		{C355EBBF-DB84-45AA-8F77-655A6659D29B}.Release|Any CPU.ActiveCfg = Release|Any CPU
		{C355EBBF-DB84-45AA-8F77-655A6659D29B}.Release|Any CPU.Build.0 = Release|Any CPU
		{EC38E55C-6C3D-429B-83E2-150A98576A8F}.Debug|Any CPU.ActiveCfg = Debug|Any CPU
		{EC38E55C-6C3D-429B-83E2-150A98576A8F}.Debug|Any CPU.Build.0 = Debug|Any CPU
		{EC38E55C-6C3D-429B-83E2-150A98576A8F}.Release|Any CPU.ActiveCfg = Release|Any CPU
		{EC38E55C-6C3D-429B-83E2-150A98576A8F}.Release|Any CPU.Build.0 = Release|Any CPU
		{92F2DACC-0DCC-401A-9966-5FA326594674}.Debug|Any CPU.ActiveCfg = Debug|Any CPU
		{92F2DACC-0DCC-401A-9966-5FA326594674}.Debug|Any CPU.Build.0 = Debug|Any CPU
		{92F2DACC-0DCC-401A-9966-5FA326594674}.Release|Any CPU.ActiveCfg = Release|Any CPU
		{92F2DACC-0DCC-401A-9966-5FA326594674}.Release|Any CPU.Build.0 = Release|Any CPU
		{592F7D95-F5A9-4631-81C8-6B469B30714B}.Debug|Any CPU.ActiveCfg = Debug|Any CPU
		{592F7D95-F5A9-4631-81C8-6B469B30714B}.Debug|Any CPU.Build.0 = Debug|Any CPU
		{592F7D95-F5A9-4631-81C8-6B469B30714B}.Release|Any CPU.ActiveCfg = Release|Any CPU
		{592F7D95-F5A9-4631-81C8-6B469B30714B}.Release|Any CPU.Build.0 = Release|Any CPU
		{75A17760-8C7A-4380-A18B-F0C18C160F8B}.Debug|Any CPU.ActiveCfg = Debug|Any CPU
		{75A17760-8C7A-4380-A18B-F0C18C160F8B}.Debug|Any CPU.Build.0 = Debug|Any CPU
		{75A17760-8C7A-4380-A18B-F0C18C160F8B}.Release|Any CPU.ActiveCfg = Release|Any CPU
		{75A17760-8C7A-4380-A18B-F0C18C160F8B}.Release|Any CPU.Build.0 = Release|Any CPU
		{229C8159-B5A1-424C-9999-B266F74AE813}.Debug|Any CPU.ActiveCfg = Debug|Any CPU
		{229C8159-B5A1-424C-9999-B266F74AE813}.Debug|Any CPU.Build.0 = Debug|Any CPU
		{229C8159-B5A1-424C-9999-B266F74AE813}.Release|Any CPU.ActiveCfg = Release|Any CPU
		{229C8159-B5A1-424C-9999-B266F74AE813}.Release|Any CPU.Build.0 = Release|Any CPU
		{5E4F70FF-D085-4C5F-9D60-565935073DC5}.Debug|Any CPU.ActiveCfg = Debug|Any CPU
		{5E4F70FF-D085-4C5F-9D60-565935073DC5}.Debug|Any CPU.Build.0 = Debug|Any CPU
		{5E4F70FF-D085-4C5F-9D60-565935073DC5}.Release|Any CPU.ActiveCfg = Release|Any CPU
		{5E4F70FF-D085-4C5F-9D60-565935073DC5}.Release|Any CPU.Build.0 = Release|Any CPU
		{959215B8-4D86-46B3-992B-9E53C920E162}.Debug|Any CPU.ActiveCfg = Debug|Any CPU
		{959215B8-4D86-46B3-992B-9E53C920E162}.Debug|Any CPU.Build.0 = Debug|Any CPU
		{959215B8-4D86-46B3-992B-9E53C920E162}.Release|Any CPU.ActiveCfg = Release|Any CPU
		{959215B8-4D86-46B3-992B-9E53C920E162}.Release|Any CPU.Build.0 = Release|Any CPU
	EndGlobalSection
	GlobalSection(SolutionProperties) = preSolution
		HideSolutionNode = FALSE
	EndGlobalSection
	GlobalSection(NestedProjects) = preSolution
		{83F2E3A2-435C-41FA-9C16-EF60587E3BF9} = {E196C85B-B9BD-4CDF-864E-916755B9BEBB}
		{C355EBBF-DB84-45AA-8F77-655A6659D29B} = {E196C85B-B9BD-4CDF-864E-916755B9BEBB}
		{EC38E55C-6C3D-429B-83E2-150A98576A8F} = {E196C85B-B9BD-4CDF-864E-916755B9BEBB}
		{92F2DACC-0DCC-401A-9966-5FA326594674} = {E196C85B-B9BD-4CDF-864E-916755B9BEBB}
		{592F7D95-F5A9-4631-81C8-6B469B30714B} = {E196C85B-B9BD-4CDF-864E-916755B9BEBB}
		{75A17760-8C7A-4380-A18B-F0C18C160F8B} = {E196C85B-B9BD-4CDF-864E-916755B9BEBB}
		{229C8159-B5A1-424C-9999-B266F74AE813} = {E196C85B-B9BD-4CDF-864E-916755B9BEBB}
		{5E4F70FF-D085-4C5F-9D60-565935073DC5} = {E196C85B-B9BD-4CDF-864E-916755B9BEBB}
		{959215B8-4D86-46B3-992B-9E53C920E162} = {E196C85B-B9BD-4CDF-864E-916755B9BEBB}
	EndGlobalSection
EndGlobal
